
Microsoft Visual Studio Solution File, Format Version 12.00
# Visual Studio Version 16
VisualStudioVersion = 16.0.29728.190
MinimumVisualStudioVersion = 10.0.40219.1
Project("{FAE04EC0-301F-11D3-BF4B-00C04F79EFBC}") = "MyLeasing.Common", "MyLeasing.Common\MyLeasing.Common.csproj", "{5A9D9C1E-459E-452B-A6E4-FAC1311F5C66}"
EndProject
Project("{FAE04EC0-301F-11D3-BF4B-00C04F79EFBC}") = "MyLeasing.Web", "MyLeasing.Web\MyLeasing.Web.csproj", "{5A2ACD19-41AD-4367-9D78-0EC7759C6ADE}"
EndProject
Global
	GlobalSection(SolutionConfigurationPlatforms) = preSolution
		Debug|Any CPU = Debug|Any CPU
		Release|Any CPU = Release|Any CPU
	EndGlobalSection
	GlobalSection(ProjectConfigurationPlatforms) = postSolution
		{5A9D9C1E-459E-452B-A6E4-FAC1311F5C66}.Debug|Any CPU.ActiveCfg = Debug|Any CPU
		{5A9D9C1E-459E-452B-A6E4-FAC1311F5C66}.Debug|Any CPU.Build.0 = Debug|Any CPU
		{5A9D9C1E-459E-452B-A6E4-FAC1311F5C66}.Release|Any CPU.ActiveCfg = Release|Any CPU
		{5A9D9C1E-459E-452B-A6E4-FAC1311F5C66}.Release|Any CPU.Build.0 = Release|Any CPU
		{5A2ACD19-41AD-4367-9D78-0EC7759C6ADE}.Debug|Any CPU.ActiveCfg = Debug|Any CPU
		{5A2ACD19-41AD-4367-9D78-0EC7759C6ADE}.Debug|Any CPU.Build.0 = Debug|Any CPU
		{5A2ACD19-41AD-4367-9D78-0EC7759C6ADE}.Release|Any CPU.ActiveCfg = Release|Any CPU
		{5A2ACD19-41AD-4367-9D78-0EC7759C6ADE}.Release|Any CPU.Build.0 = Release|Any CPU
	EndGlobalSection
	GlobalSection(SolutionProperties) = preSolution
		HideSolutionNode = FALSE
	EndGlobalSection
	GlobalSection(ExtensibilityGlobals) = postSolution
		SolutionGuid = {F74354A6-21D9-40B4-A50F-5E99739E4EF1}
	EndGlobalSection
EndGlobal
